// !$*UTF8*$!
{
	archiveVersion = 1;
	classes = {
	};
	objectVersion = 77;
	objects = {

/* Begin PBXBuildFile section */
		896618DD2CDB60CB00D43099 /* WidgetKit.framework in Frameworks */ = {isa = PBXBuildFile; fileRef = 896618B12CDB5BEF00D43099 /* WidgetKit.framework */; };
		896618DE2CDB60CB00D43099 /* SwiftUI.framework in Frameworks */ = {isa = PBXBuildFile; fileRef = 896618B32CDB5BEF00D43099 /* SwiftUI.framework */; };
		896618EB2CDB60CC00D43099 /* iOS Widgets.appex in Embed Foundation Extensions */ = {isa = PBXBuildFile; fileRef = 896618DC2CDB60CB00D43099 /* iOS Widgets.appex */; platformFilters = (ios, xros, ); settings = {ATTRIBUTES = (RemoveHeadersOnCopy, ); }; };
		896618F52CDB60FF00D43099 /* WidgetKit.framework in Frameworks */ = {isa = PBXBuildFile; fileRef = 896618B12CDB5BEF00D43099 /* WidgetKit.framework */; };
		896618F62CDB60FF00D43099 /* SwiftUI.framework in Frameworks */ = {isa = PBXBuildFile; fileRef = 896618B32CDB5BEF00D43099 /* SwiftUI.framework */; };
/* End PBXBuildFile section */

/* Begin PBXContainerItemProxy section */
		896618E92CDB60CC00D43099 /* PBXContainerItemProxy */ = {
			isa = PBXContainerItemProxy;
			containerPortal = 896618412CDB583600D43099 /* Project object */;
			proxyType = 1;
			remoteGlobalIDString = 896618DB2CDB60CB00D43099;
			remoteInfo = "iOS WidgetsExtension";
		};
/* End PBXContainerItemProxy section */

/* Begin PBXCopyFilesBuildPhase section */
		896618A42CDB5B1600D43099 /* Embed Watch Content */ = {
			isa = PBXCopyFilesBuildPhase;
			buildActionMask = 2147483647;
			dstPath = "$(CONTENTS_FOLDER_PATH)/Watch";
			dstSubfolderSpec = 16;
			files = (
			);
			name = "Embed Watch Content";
			runOnlyForDeploymentPostprocessing = 0;
		};
		896618C42CDB5BF000D43099 /* Embed Foundation Extensions */ = {
			isa = PBXCopyFilesBuildPhase;
			buildActionMask = 2147483647;
			dstPath = "";
			dstSubfolderSpec = 13;
			files = (
				896618EB2CDB60CC00D43099 /* iOS Widgets.appex in Embed Foundation Extensions */,
			);
			name = "Embed Foundation Extensions";
			runOnlyForDeploymentPostprocessing = 0;
		};
/* End PBXCopyFilesBuildPhase section */

/* Begin PBXFileReference section */
		895FE1A32CF1D3F100BC8D84 /* TimeLogger-Info.plist */ = {isa = PBXFileReference; lastKnownFileType = text.plist; path = "TimeLogger-Info.plist"; sourceTree = "<group>"; };
		896618492CDB583600D43099 /* TimeLogger.app */ = {isa = PBXFileReference; explicitFileType = wrapper.application; includeInIndex = 0; path = TimeLogger.app; sourceTree = BUILT_PRODUCTS_DIR; };
		8966187D2CDB5B1500D43099 /* TimeLogger Watch.app */ = {isa = PBXFileReference; explicitFileType = wrapper.application; includeInIndex = 0; name = "TimeLogger Watch.app"; path = "/Users/samueljones/dev/TimeLogger/build/Debug-watchos/TimeLogger Watch.app"; sourceTree = "<absolute>"; };
		896618B12CDB5BEF00D43099 /* WidgetKit.framework */ = {isa = PBXFileReference; lastKnownFileType = wrapper.framework; name = WidgetKit.framework; path = System/Library/Frameworks/WidgetKit.framework; sourceTree = SDKROOT; };
		896618B32CDB5BEF00D43099 /* SwiftUI.framework */ = {isa = PBXFileReference; lastKnownFileType = wrapper.framework; name = SwiftUI.framework; path = System/Library/Frameworks/SwiftUI.framework; sourceTree = SDKROOT; };
		896618DC2CDB60CB00D43099 /* iOS Widgets.appex */ = {isa = PBXFileReference; explicitFileType = "wrapper.app-extension"; includeInIndex = 0; path = "iOS Widgets.appex"; sourceTree = BUILT_PRODUCTS_DIR; };
		896618F42CDB60FF00D43099 /* macOS Widgets.appex */ = {isa = PBXFileReference; explicitFileType = "wrapper.app-extension"; includeInIndex = 0; path = "macOS Widgets.appex"; sourceTree = BUILT_PRODUCTS_DIR; };
/* End PBXFileReference section */

/* Begin PBXFileSystemSynchronizedBuildFileExceptionSet section */
		896618EC2CDB60CC00D43099 /* Exceptions for "iOS Widgets" folder in "iOS Widgets" target */ = {
			isa = PBXFileSystemSynchronizedBuildFileExceptionSet;
			membershipExceptions = (
				Info.plist,
			);
			target = 896618DB2CDB60CB00D43099 /* iOS Widgets */;
		};
		896619032CDB610000D43099 /* Exceptions for "macOS Widgets" folder in "macOS Widgets" target */ = {
			isa = PBXFileSystemSynchronizedBuildFileExceptionSet;
			membershipExceptions = (
				Info.plist,
			);
			target = 896618F32CDB60FF00D43099 /* macOS Widgets */;
		};
		898B6DBD2CDF6D91003DA862 /* Exceptions for "Multiplatform" folder in "iOS Widgets" target */ = {
			isa = PBXFileSystemSynchronizedBuildFileExceptionSet;
			membershipExceptions = (
				C.swift,
				"Extensions/Color+Extension.swift",
				Extensions/Log.swift,
				"Extensions/TimeInterval+Extension.swift",
				Intents/Entities/EntryGroupEntity.swift,
				Intents/Entities/EntryGroupEntityQuery.swift,
				Intents/StopTimerIntent.swift,
				Model/ColorLabel.swift,
				Model/EntryGroup.swift,
				Model/LiveTimerViewModel.swift,
				Model/TimeEntry.swift,
				"Shared Views/EndTimerIntentResultView.swift",
				"Shared Views/LiveTimerActivityView.swift",
			);
			target = 896618DB2CDB60CB00D43099 /* iOS Widgets */;
		};
		898B6DBE2CDF6DA8003DA862 /* Exceptions for "iOS Widgets" folder in "TimeLogger" target */ = {
			isa = PBXFileSystemSynchronizedBuildFileExceptionSet;
			membershipExceptions = (
				LiveTimerActivityConfiguration.swift,
				LiveTimerAttributes.swift,
			);
			target = 896618482CDB583600D43099 /* TimeLogger */;
		};
		89D9E7122CF7059B00EC2F9C /* Exceptions for "Multiplatform" folder in "macOS Widgets" target */ = {
			isa = PBXFileSystemSynchronizedBuildFileExceptionSet;
			membershipExceptions = (
				"Extensions/TimeInterval+Extension.swift",
			);
			target = 896618F32CDB60FF00D43099 /* macOS Widgets */;
		};
/* End PBXFileSystemSynchronizedBuildFileExceptionSet section */

/* Begin PBXFileSystemSynchronizedRootGroup section */
		896618DF2CDB60CB00D43099 /* iOS Widgets */ = {
			isa = PBXFileSystemSynchronizedRootGroup;
			exceptions = (
				898B6DBE2CDF6DA8003DA862 /* Exceptions for "iOS Widgets" folder in "TimeLogger" target */,
				896618EC2CDB60CC00D43099 /* Exceptions for "iOS Widgets" folder in "iOS Widgets" target */,
			);
			path = "iOS Widgets";
			sourceTree = "<group>";
		};
		896618F72CDB60FF00D43099 /* macOS Widgets */ = {
			isa = PBXFileSystemSynchronizedRootGroup;
			exceptions = (
				896619032CDB610000D43099 /* Exceptions for "macOS Widgets" folder in "macOS Widgets" target */,
			);
			path = "macOS Widgets";
			sourceTree = "<group>";
		};
		896619082CDB620000D43099 /* Multiplatform */ = {
			isa = PBXFileSystemSynchronizedRootGroup;
			exceptions = (
				898B6DBD2CDF6D91003DA862 /* Exceptions for "Multiplatform" folder in "iOS Widgets" target */,
				89D9E7122CF7059B00EC2F9C /* Exceptions for "Multiplatform" folder in "macOS Widgets" target */,
			);
			path = Multiplatform;
			sourceTree = "<group>";
		};
/* End PBXFileSystemSynchronizedRootGroup section */

/* Begin PBXFrameworksBuildPhase section */
		896618462CDB583600D43099 /* Frameworks */ = {
			isa = PBXFrameworksBuildPhase;
			buildActionMask = 2147483647;
			files = (
			);
			runOnlyForDeploymentPostprocessing = 0;
		};
		896618D92CDB60CB00D43099 /* Frameworks */ = {
			isa = PBXFrameworksBuildPhase;
			buildActionMask = 2147483647;
			files = (
				896618DE2CDB60CB00D43099 /* SwiftUI.framework in Frameworks */,
				896618DD2CDB60CB00D43099 /* WidgetKit.framework in Frameworks */,
			);
			runOnlyForDeploymentPostprocessing = 0;
		};
		896618F12CDB60FF00D43099 /* Frameworks */ = {
			isa = PBXFrameworksBuildPhase;
			buildActionMask = 2147483647;
			files = (
				896618F62CDB60FF00D43099 /* SwiftUI.framework in Frameworks */,
				896618F52CDB60FF00D43099 /* WidgetKit.framework in Frameworks */,
			);
			runOnlyForDeploymentPostprocessing = 0;
		};
/* End PBXFrameworksBuildPhase section */

/* Begin PBXGroup section */
		8943EA872CE08E5E000FB87F /* Recovered References */ = {
			isa = PBXGroup;
			children = (
				8966187D2CDB5B1500D43099 /* TimeLogger Watch.app */,
			);
			name = "Recovered References";
			sourceTree = "<group>";
		};
		896618402CDB583600D43099 = {
			isa = PBXGroup;
			children = (
				895FE1A32CF1D3F100BC8D84 /* TimeLogger-Info.plist */,
				896619082CDB620000D43099 /* Multiplatform */,
				896618DF2CDB60CB00D43099 /* iOS Widgets */,
				896618F72CDB60FF00D43099 /* macOS Widgets */,
				896618B02CDB5BEF00D43099 /* Frameworks */,
				8966184A2CDB583600D43099 /* Products */,
				8943EA872CE08E5E000FB87F /* Recovered References */,
			);
			sourceTree = "<group>";
		};
		8966184A2CDB583600D43099 /* Products */ = {
			isa = PBXGroup;
			children = (
				896618492CDB583600D43099 /* TimeLogger.app */,
				896618DC2CDB60CB00D43099 /* iOS Widgets.appex */,
				896618F42CDB60FF00D43099 /* macOS Widgets.appex */,
			);
			name = Products;
			sourceTree = "<group>";
		};
		896618B02CDB5BEF00D43099 /* Frameworks */ = {
			isa = PBXGroup;
			children = (
				896618B12CDB5BEF00D43099 /* WidgetKit.framework */,
				896618B32CDB5BEF00D43099 /* SwiftUI.framework */,
			);
			name = Frameworks;
			sourceTree = "<group>";
		};
/* End PBXGroup section */

/* Begin PBXNativeTarget section */
		896618482CDB583600D43099 /* TimeLogger */ = {
			isa = PBXNativeTarget;
			buildConfigurationList = 8966186E2CDB583800D43099 /* Build configuration list for PBXNativeTarget "TimeLogger" */;
			buildPhases = (
				896618452CDB583600D43099 /* Sources */,
				896618462CDB583600D43099 /* Frameworks */,
				896618472CDB583600D43099 /* Resources */,
				896618A42CDB5B1600D43099 /* Embed Watch Content */,
				896618C42CDB5BF000D43099 /* Embed Foundation Extensions */,
			);
			buildRules = (
			);
			dependencies = (
				896618EA2CDB60CC00D43099 /* PBXTargetDependency */,
			);
			fileSystemSynchronizedGroups = (
				896619082CDB620000D43099 /* Multiplatform */,
			);
			name = TimeLogger;
			packageProductDependencies = (
			);
			productName = TimeLogger;
			productReference = 896618492CDB583600D43099 /* TimeLogger.app */;
			productType = "com.apple.product-type.application";
		};
		896618DB2CDB60CB00D43099 /* iOS Widgets */ = {
			isa = PBXNativeTarget;
			buildConfigurationList = 896618ED2CDB60CC00D43099 /* Build configuration list for PBXNativeTarget "iOS Widgets" */;
			buildPhases = (
				896618D82CDB60CB00D43099 /* Sources */,
				896618D92CDB60CB00D43099 /* Frameworks */,
				896618DA2CDB60CB00D43099 /* Resources */,
			);
			buildRules = (
			);
			dependencies = (
			);
			fileSystemSynchronizedGroups = (
				896618DF2CDB60CB00D43099 /* iOS Widgets */,
			);
			name = "iOS Widgets";
			packageProductDependencies = (
			);
			productName = "iOS WidgetsExtension";
			productReference = 896618DC2CDB60CB00D43099 /* iOS Widgets.appex */;
			productType = "com.apple.product-type.app-extension";
		};
		896618F32CDB60FF00D43099 /* macOS Widgets */ = {
			isa = PBXNativeTarget;
			buildConfigurationList = 896619042CDB610000D43099 /* Build configuration list for PBXNativeTarget "macOS Widgets" */;
			buildPhases = (
				896618F02CDB60FF00D43099 /* Sources */,
				896618F12CDB60FF00D43099 /* Frameworks */,
				896618F22CDB60FF00D43099 /* Resources */,
			);
			buildRules = (
			);
			dependencies = (
			);
			fileSystemSynchronizedGroups = (
				896618F72CDB60FF00D43099 /* macOS Widgets */,
			);
			name = "macOS Widgets";
			packageProductDependencies = (
			);
			productName = "macOS WidgetsExtension";
			productReference = 896618F42CDB60FF00D43099 /* macOS Widgets.appex */;
			productType = "com.apple.product-type.app-extension";
		};
/* End PBXNativeTarget section */

/* Begin PBXProject section */
		896618412CDB583600D43099 /* Project object */ = {
			isa = PBXProject;
			attributes = {
				BuildIndependentTargetsInParallel = 1;
				LastSwiftUpdateCheck = 1620;
				LastUpgradeCheck = 1620;
				TargetAttributes = {
					896618482CDB583600D43099 = {
						CreatedOnToolsVersion = 16.2;
					};
					896618DB2CDB60CB00D43099 = {
						CreatedOnToolsVersion = 16.2;
					};
					896618F32CDB60FF00D43099 = {
						CreatedOnToolsVersion = 16.2;
					};
				};
			};
			buildConfigurationList = 896618442CDB583600D43099 /* Build configuration list for PBXProject "TimeLogger" */;
			developmentRegion = en;
			hasScannedForEncodings = 0;
			knownRegions = (
				en,
				Base,
			);
			mainGroup = 896618402CDB583600D43099;
			minimizedProjectReferenceProxies = 1;
			preferredProjectObjectVersion = 77;
			productRefGroup = 8966184A2CDB583600D43099 /* Products */;
			projectDirPath = "";
			projectRoot = "";
			targets = (
				896618482CDB583600D43099 /* TimeLogger */,
				896618DB2CDB60CB00D43099 /* iOS Widgets */,
				896618F32CDB60FF00D43099 /* macOS Widgets */,
			);
		};
/* End PBXProject section */

/* Begin PBXResourcesBuildPhase section */
		896618472CDB583600D43099 /* Resources */ = {
			isa = PBXResourcesBuildPhase;
			buildActionMask = 2147483647;
			files = (
			);
			runOnlyForDeploymentPostprocessing = 0;
		};
		896618DA2CDB60CB00D43099 /* Resources */ = {
			isa = PBXResourcesBuildPhase;
			buildActionMask = 2147483647;
			files = (
			);
			runOnlyForDeploymentPostprocessing = 0;
		};
		896618F22CDB60FF00D43099 /* Resources */ = {
			isa = PBXResourcesBuildPhase;
			buildActionMask = 2147483647;
			files = (
			);
			runOnlyForDeploymentPostprocessing = 0;
		};
/* End PBXResourcesBuildPhase section */

/* Begin PBXSourcesBuildPhase section */
		896618452CDB583600D43099 /* Sources */ = {
			isa = PBXSourcesBuildPhase;
			buildActionMask = 2147483647;
			files = (
			);
			runOnlyForDeploymentPostprocessing = 0;
		};
		896618D82CDB60CB00D43099 /* Sources */ = {
			isa = PBXSourcesBuildPhase;
			buildActionMask = 2147483647;
			files = (
			);
			runOnlyForDeploymentPostprocessing = 0;
		};
		896618F02CDB60FF00D43099 /* Sources */ = {
			isa = PBXSourcesBuildPhase;
			buildActionMask = 2147483647;
			files = (
			);
			runOnlyForDeploymentPostprocessing = 0;
		};
/* End PBXSourcesBuildPhase section */

/* Begin PBXTargetDependency section */
		896618EA2CDB60CC00D43099 /* PBXTargetDependency */ = {
			isa = PBXTargetDependency;
			platformFilters = (
				ios,
				xros,
			);
			target = 896618DB2CDB60CB00D43099 /* iOS Widgets */;
			targetProxy = 896618E92CDB60CC00D43099 /* PBXContainerItemProxy */;
		};
/* End PBXTargetDependency section */

/* Begin XCBuildConfiguration section */
		8966186C2CDB583800D43099 /* Debug */ = {
			isa = XCBuildConfiguration;
			buildSettings = {
				ALWAYS_SEARCH_USER_PATHS = NO;
				ASSETCATALOG_COMPILER_GENERATE_SWIFT_ASSET_SYMBOL_EXTENSIONS = YES;
				CLANG_ANALYZER_NONNULL = YES;
				CLANG_ANALYZER_NUMBER_OBJECT_CONVERSION = YES_AGGRESSIVE;
				CLANG_CXX_LANGUAGE_STANDARD = "gnu++20";
				CLANG_ENABLE_MODULES = YES;
				CLANG_ENABLE_OBJC_ARC = YES;
				CLANG_ENABLE_OBJC_WEAK = YES;
				CLANG_WARN_BLOCK_CAPTURE_AUTORELEASING = YES;
				CLANG_WARN_BOOL_CONVERSION = YES;
				CLANG_WARN_COMMA = YES;
				CLANG_WARN_CONSTANT_CONVERSION = YES;
				CLANG_WARN_DEPRECATED_OBJC_IMPLEMENTATIONS = YES;
				CLANG_WARN_DIRECT_OBJC_ISA_USAGE = YES_ERROR;
				CLANG_WARN_DOCUMENTATION_COMMENTS = YES;
				CLANG_WARN_EMPTY_BODY = YES;
				CLANG_WARN_ENUM_CONVERSION = YES;
				CLANG_WARN_INFINITE_RECURSION = YES;
				CLANG_WARN_INT_CONVERSION = YES;
				CLANG_WARN_NON_LITERAL_NULL_CONVERSION = YES;
				CLANG_WARN_OBJC_IMPLICIT_RETAIN_SELF = YES;
				CLANG_WARN_OBJC_LITERAL_CONVERSION = YES;
				CLANG_WARN_OBJC_ROOT_CLASS = YES_ERROR;
				CLANG_WARN_QUOTED_INCLUDE_IN_FRAMEWORK_HEADER = YES;
				CLANG_WARN_RANGE_LOOP_ANALYSIS = YES;
				CLANG_WARN_STRICT_PROTOTYPES = YES;
				CLANG_WARN_SUSPICIOUS_MOVE = YES;
				CLANG_WARN_UNGUARDED_AVAILABILITY = YES_AGGRESSIVE;
				CLANG_WARN_UNREACHABLE_CODE = YES;
				CLANG_WARN__DUPLICATE_METHOD_MATCH = YES;
				COPY_PHASE_STRIP = NO;
				DEBUG_INFORMATION_FORMAT = dwarf;
				ENABLE_STRICT_OBJC_MSGSEND = YES;
				ENABLE_TESTABILITY = YES;
				ENABLE_USER_SCRIPT_SANDBOXING = YES;
				GCC_C_LANGUAGE_STANDARD = gnu17;
				GCC_DYNAMIC_NO_PIC = NO;
				GCC_NO_COMMON_BLOCKS = YES;
				GCC_OPTIMIZATION_LEVEL = 0;
				GCC_PREPROCESSOR_DEFINITIONS = (
					"DEBUG=1",
					"$(inherited)",
				);
				GCC_WARN_64_TO_32_BIT_CONVERSION = YES;
				GCC_WARN_ABOUT_RETURN_TYPE = YES_ERROR;
				GCC_WARN_UNDECLARED_SELECTOR = YES;
				GCC_WARN_UNINITIALIZED_AUTOS = YES_AGGRESSIVE;
				GCC_WARN_UNUSED_FUNCTION = YES;
				GCC_WARN_UNUSED_VARIABLE = YES;
				LOCALIZATION_PREFERS_STRING_CATALOGS = YES;
				MTL_ENABLE_DEBUG_INFO = INCLUDE_SOURCE;
				MTL_FAST_MATH = YES;
				ONLY_ACTIVE_ARCH = YES;
				SWIFT_ACTIVE_COMPILATION_CONDITIONS = "DEBUG $(inherited)";
				SWIFT_OPTIMIZATION_LEVEL = "-Onone";
			};
			name = Debug;
		};
		8966186D2CDB583800D43099 /* Release */ = {
			isa = XCBuildConfiguration;
			buildSettings = {
				ALWAYS_SEARCH_USER_PATHS = NO;
				ASSETCATALOG_COMPILER_GENERATE_SWIFT_ASSET_SYMBOL_EXTENSIONS = YES;
				CLANG_ANALYZER_NONNULL = YES;
				CLANG_ANALYZER_NUMBER_OBJECT_CONVERSION = YES_AGGRESSIVE;
				CLANG_CXX_LANGUAGE_STANDARD = "gnu++20";
				CLANG_ENABLE_MODULES = YES;
				CLANG_ENABLE_OBJC_ARC = YES;
				CLANG_ENABLE_OBJC_WEAK = YES;
				CLANG_WARN_BLOCK_CAPTURE_AUTORELEASING = YES;
				CLANG_WARN_BOOL_CONVERSION = YES;
				CLANG_WARN_COMMA = YES;
				CLANG_WARN_CONSTANT_CONVERSION = YES;
				CLANG_WARN_DEPRECATED_OBJC_IMPLEMENTATIONS = YES;
				CLANG_WARN_DIRECT_OBJC_ISA_USAGE = YES_ERROR;
				CLANG_WARN_DOCUMENTATION_COMMENTS = YES;
				CLANG_WARN_EMPTY_BODY = YES;
				CLANG_WARN_ENUM_CONVERSION = YES;
				CLANG_WARN_INFINITE_RECURSION = YES;
				CLANG_WARN_INT_CONVERSION = YES;
				CLANG_WARN_NON_LITERAL_NULL_CONVERSION = YES;
				CLANG_WARN_OBJC_IMPLICIT_RETAIN_SELF = YES;
				CLANG_WARN_OBJC_LITERAL_CONVERSION = YES;
				CLANG_WARN_OBJC_ROOT_CLASS = YES_ERROR;
				CLANG_WARN_QUOTED_INCLUDE_IN_FRAMEWORK_HEADER = YES;
				CLANG_WARN_RANGE_LOOP_ANALYSIS = YES;
				CLANG_WARN_STRICT_PROTOTYPES = YES;
				CLANG_WARN_SUSPICIOUS_MOVE = YES;
				CLANG_WARN_UNGUARDED_AVAILABILITY = YES_AGGRESSIVE;
				CLANG_WARN_UNREACHABLE_CODE = YES;
				CLANG_WARN__DUPLICATE_METHOD_MATCH = YES;
				COPY_PHASE_STRIP = NO;
				DEBUG_INFORMATION_FORMAT = "dwarf-with-dsym";
				ENABLE_NS_ASSERTIONS = NO;
				ENABLE_STRICT_OBJC_MSGSEND = YES;
				ENABLE_USER_SCRIPT_SANDBOXING = YES;
				GCC_C_LANGUAGE_STANDARD = gnu17;
				GCC_NO_COMMON_BLOCKS = YES;
				GCC_WARN_64_TO_32_BIT_CONVERSION = YES;
				GCC_WARN_ABOUT_RETURN_TYPE = YES_ERROR;
				GCC_WARN_UNDECLARED_SELECTOR = YES;
				GCC_WARN_UNINITIALIZED_AUTOS = YES_AGGRESSIVE;
				GCC_WARN_UNUSED_FUNCTION = YES;
				GCC_WARN_UNUSED_VARIABLE = YES;
				LOCALIZATION_PREFERS_STRING_CATALOGS = YES;
				MTL_ENABLE_DEBUG_INFO = NO;
				MTL_FAST_MATH = YES;
				SWIFT_COMPILATION_MODE = wholemodule;
			};
			name = Release;
		};
		8966186F2CDB583800D43099 /* Debug */ = {
			isa = XCBuildConfiguration;
			buildSettings = {
				ASSETCATALOG_COMPILER_APPICON_NAME = AppIcon;
				ASSETCATALOG_COMPILER_GLOBAL_ACCENT_COLOR_NAME = AccentColor;
				CODE_SIGN_ENTITLEMENTS = Multiplatform/TimeLogger.entitlements;
				CODE_SIGN_STYLE = Automatic;
				CURRENT_PROJECT_VERSION = 1;
				DEVELOPMENT_ASSET_PATHS = "\"Multiplatform/Resources/Preview Content\"";
				DEVELOPMENT_TEAM = 9G643QLW3P;
				ENABLE_HARDENED_RUNTIME = YES;
				ENABLE_PREVIEWS = YES;
				GENERATE_INFOPLIST_FILE = YES;
				INFOPLIST_FILE = "TimeLogger-Info.plist";
				INFOPLIST_KEY_NSSupportsLiveActivities = YES;
				"INFOPLIST_KEY_UIApplicationSceneManifest_Generation[sdk=iphoneos*]" = YES;
				"INFOPLIST_KEY_UIApplicationSceneManifest_Generation[sdk=iphonesimulator*]" = YES;
				"INFOPLIST_KEY_UIApplicationSupportsIndirectInputEvents[sdk=iphoneos*]" = YES;
				"INFOPLIST_KEY_UIApplicationSupportsIndirectInputEvents[sdk=iphonesimulator*]" = YES;
				"INFOPLIST_KEY_UILaunchScreen_Generation[sdk=iphoneos*]" = YES;
				"INFOPLIST_KEY_UILaunchScreen_Generation[sdk=iphonesimulator*]" = YES;
				"INFOPLIST_KEY_UIStatusBarStyle[sdk=iphoneos*]" = UIStatusBarStyleDefault;
				"INFOPLIST_KEY_UIStatusBarStyle[sdk=iphonesimulator*]" = UIStatusBarStyleDefault;
				INFOPLIST_KEY_UISupportedInterfaceOrientations_iPad = "UIInterfaceOrientationPortrait UIInterfaceOrientationPortraitUpsideDown UIInterfaceOrientationLandscapeLeft UIInterfaceOrientationLandscapeRight";
				INFOPLIST_KEY_UISupportedInterfaceOrientations_iPhone = "UIInterfaceOrientationPortrait UIInterfaceOrientationLandscapeLeft UIInterfaceOrientationLandscapeRight";
				IPHONEOS_DEPLOYMENT_TARGET = 18.2;
				LD_RUNPATH_SEARCH_PATHS = "@executable_path/Frameworks";
				"LD_RUNPATH_SEARCH_PATHS[sdk=macosx*]" = "@executable_path/../Frameworks";
				MACOSX_DEPLOYMENT_TARGET = 15.0;
				MARKETING_VERSION = 1.0;
				PRODUCT_BUNDLE_IDENTIFIER = codes.samueljones.TimeLogger;
				PRODUCT_NAME = "$(TARGET_NAME)";
				REGISTER_APP_GROUPS = NO;
				SDKROOT = auto;
				SUPPORTED_PLATFORMS = "iphoneos iphonesimulator macosx xros xrsimulator";
				SUPPORTS_MACCATALYST = NO;
				SWIFT_EMIT_LOC_STRINGS = YES;
				SWIFT_VERSION = 5.0;
				TARGETED_DEVICE_FAMILY = "1,2,7";
				XROS_DEPLOYMENT_TARGET = 2.1;
			};
			name = Debug;
		};
		896618702CDB583800D43099 /* Release */ = {
			isa = XCBuildConfiguration;
			buildSettings = {
				ASSETCATALOG_COMPILER_APPICON_NAME = AppIcon;
				ASSETCATALOG_COMPILER_GLOBAL_ACCENT_COLOR_NAME = AccentColor;
				CODE_SIGN_ENTITLEMENTS = Multiplatform/TimeLogger.entitlements;
				CODE_SIGN_STYLE = Automatic;
				CURRENT_PROJECT_VERSION = 1;
				DEVELOPMENT_ASSET_PATHS = "\"Multiplatform/Resources/Preview Content\"";
				DEVELOPMENT_TEAM = 9G643QLW3P;
				ENABLE_HARDENED_RUNTIME = YES;
				ENABLE_PREVIEWS = YES;
				GENERATE_INFOPLIST_FILE = YES;
				INFOPLIST_FILE = "TimeLogger-Info.plist";
				INFOPLIST_KEY_NSSupportsLiveActivities = YES;
				"INFOPLIST_KEY_UIApplicationSceneManifest_Generation[sdk=iphoneos*]" = YES;
				"INFOPLIST_KEY_UIApplicationSceneManifest_Generation[sdk=iphonesimulator*]" = YES;
				"INFOPLIST_KEY_UIApplicationSupportsIndirectInputEvents[sdk=iphoneos*]" = YES;
				"INFOPLIST_KEY_UIApplicationSupportsIndirectInputEvents[sdk=iphonesimulator*]" = YES;
				"INFOPLIST_KEY_UILaunchScreen_Generation[sdk=iphoneos*]" = YES;
				"INFOPLIST_KEY_UILaunchScreen_Generation[sdk=iphonesimulator*]" = YES;
				"INFOPLIST_KEY_UIStatusBarStyle[sdk=iphoneos*]" = UIStatusBarStyleDefault;
				"INFOPLIST_KEY_UIStatusBarStyle[sdk=iphonesimulator*]" = UIStatusBarStyleDefault;
				INFOPLIST_KEY_UISupportedInterfaceOrientations_iPad = "UIInterfaceOrientationPortrait UIInterfaceOrientationPortraitUpsideDown UIInterfaceOrientationLandscapeLeft UIInterfaceOrientationLandscapeRight";
				INFOPLIST_KEY_UISupportedInterfaceOrientations_iPhone = "UIInterfaceOrientationPortrait UIInterfaceOrientationLandscapeLeft UIInterfaceOrientationLandscapeRight";
				IPHONEOS_DEPLOYMENT_TARGET = 18.2;
				LD_RUNPATH_SEARCH_PATHS = "@executable_path/Frameworks";
				"LD_RUNPATH_SEARCH_PATHS[sdk=macosx*]" = "@executable_path/../Frameworks";
				MACOSX_DEPLOYMENT_TARGET = 15.0;
				MARKETING_VERSION = 1.0;
				PRODUCT_BUNDLE_IDENTIFIER = codes.samueljones.TimeLogger;
				PRODUCT_NAME = "$(TARGET_NAME)";
				REGISTER_APP_GROUPS = NO;
				SDKROOT = auto;
				SUPPORTED_PLATFORMS = "iphoneos iphonesimulator macosx xros xrsimulator";
				SUPPORTS_MACCATALYST = NO;
				SWIFT_EMIT_LOC_STRINGS = YES;
				SWIFT_VERSION = 5.0;
				TARGETED_DEVICE_FAMILY = "1,2,7";
				XROS_DEPLOYMENT_TARGET = 2.1;
			};
			name = Release;
		};
		896618EE2CDB60CC00D43099 /* Debug */ = {
			isa = XCBuildConfiguration;
			buildSettings = {
				ASSETCATALOG_COMPILER_GLOBAL_ACCENT_COLOR_NAME = AccentColor;
				ASSETCATALOG_COMPILER_WIDGET_BACKGROUND_COLOR_NAME = WidgetBackground;
				CODE_SIGN_STYLE = Automatic;
				CURRENT_PROJECT_VERSION = 1;
				DEVELOPMENT_TEAM = 9G643QLW3P;
				GENERATE_INFOPLIST_FILE = YES;
				INFOPLIST_FILE = "iOS Widgets/Info.plist";
				INFOPLIST_KEY_CFBundleDisplayName = "iOS Widgets";
				INFOPLIST_KEY_NSHumanReadableCopyright = "";
				IPHONEOS_DEPLOYMENT_TARGET = 18.2;
				LD_RUNPATH_SEARCH_PATHS = (
					"$(inherited)",
					"@executable_path/Frameworks",
					"@executable_path/../../Frameworks",
				);
				MARKETING_VERSION = 1.0;
				PRODUCT_BUNDLE_IDENTIFIER = "codes.samueljones.TimeLogger.iOS-Widgets";
				PRODUCT_NAME = "$(TARGET_NAME)";
				SDKROOT = iphoneos;
				SKIP_INSTALL = YES;
				SWIFT_EMIT_LOC_STRINGS = YES;
				SWIFT_VERSION = 5.0;
				TARGETED_DEVICE_FAMILY = "1,2";
			};
			name = Debug;
		};
		896618EF2CDB60CC00D43099 /* Release */ = {
			isa = XCBuildConfiguration;
			buildSettings = {
				ASSETCATALOG_COMPILER_GLOBAL_ACCENT_COLOR_NAME = AccentColor;
				ASSETCATALOG_COMPILER_WIDGET_BACKGROUND_COLOR_NAME = WidgetBackground;
				CODE_SIGN_STYLE = Automatic;
				CURRENT_PROJECT_VERSION = 1;
				DEVELOPMENT_TEAM = 9G643QLW3P;
				GENERATE_INFOPLIST_FILE = YES;
				INFOPLIST_FILE = "iOS Widgets/Info.plist";
				INFOPLIST_KEY_CFBundleDisplayName = "iOS Widgets";
				INFOPLIST_KEY_NSHumanReadableCopyright = "";
				IPHONEOS_DEPLOYMENT_TARGET = 18.2;
				LD_RUNPATH_SEARCH_PATHS = (
					"$(inherited)",
					"@executable_path/Frameworks",
					"@executable_path/../../Frameworks",
				);
				MARKETING_VERSION = 1.0;
				PRODUCT_BUNDLE_IDENTIFIER = "codes.samueljones.TimeLogger.iOS-Widgets";
				PRODUCT_NAME = "$(TARGET_NAME)";
				SDKROOT = iphoneos;
				SKIP_INSTALL = YES;
				SWIFT_EMIT_LOC_STRINGS = YES;
				SWIFT_VERSION = 5.0;
				TARGETED_DEVICE_FAMILY = "1,2";
				VALIDATE_PRODUCT = YES;
			};
			name = Release;
		};
		896619052CDB610000D43099 /* Debug */ = {
			isa = XCBuildConfiguration;
			buildSettings = {
				ASSETCATALOG_COMPILER_GLOBAL_ACCENT_COLOR_NAME = AccentColor;
				ASSETCATALOG_COMPILER_WIDGET_BACKGROUND_COLOR_NAME = WidgetBackground;
				CODE_SIGN_ENTITLEMENTS = "macOS Widgets/macOS_Widgets.entitlements";
				CODE_SIGN_STYLE = Automatic;
				CURRENT_PROJECT_VERSION = 1;
				DEVELOPMENT_TEAM = 9G643QLW3P;
				ENABLE_HARDENED_RUNTIME = YES;
				GENERATE_INFOPLIST_FILE = YES;
				INFOPLIST_FILE = "macOS Widgets/Info.plist";
				INFOPLIST_KEY_CFBundleDisplayName = "macOS Widgets";
				INFOPLIST_KEY_NSHumanReadableCopyright = "";
				LD_RUNPATH_SEARCH_PATHS = (
					"$(inherited)",
					"@executable_path/../Frameworks",
					"@executable_path/../../../../Frameworks",
				);
				MACOSX_DEPLOYMENT_TARGET = 15.0;
				MARKETING_VERSION = 1.0;
				PRODUCT_BUNDLE_IDENTIFIER = "codes.samueljones.TimeLogger.macOS-Widgets";
				PRODUCT_NAME = "$(TARGET_NAME)";
				SDKROOT = macosx;
				SKIP_INSTALL = YES;
				SWIFT_EMIT_LOC_STRINGS = YES;
				SWIFT_VERSION = 5.0;
			};
			name = Debug;
		};
		896619062CDB610000D43099 /* Release */ = {
			isa = XCBuildConfiguration;
			buildSettings = {
				ASSETCATALOG_COMPILER_GLOBAL_ACCENT_COLOR_NAME = AccentColor;
				ASSETCATALOG_COMPILER_WIDGET_BACKGROUND_COLOR_NAME = WidgetBackground;
				CODE_SIGN_ENTITLEMENTS = "macOS Widgets/macOS_Widgets.entitlements";
				CODE_SIGN_STYLE = Automatic;
				CURRENT_PROJECT_VERSION = 1;
				DEVELOPMENT_TEAM = 9G643QLW3P;
				ENABLE_HARDENED_RUNTIME = YES;
				GENERATE_INFOPLIST_FILE = YES;
				INFOPLIST_FILE = "macOS Widgets/Info.plist";
				INFOPLIST_KEY_CFBundleDisplayName = "macOS Widgets";
				INFOPLIST_KEY_NSHumanReadableCopyright = "";
				LD_RUNPATH_SEARCH_PATHS = (
					"$(inherited)",
					"@executable_path/../Frameworks",
					"@executable_path/../../../../Frameworks",
				);
				MACOSX_DEPLOYMENT_TARGET = 15.0;
				MARKETING_VERSION = 1.0;
				PRODUCT_BUNDLE_IDENTIFIER = "codes.samueljones.TimeLogger.macOS-Widgets";
				PRODUCT_NAME = "$(TARGET_NAME)";
				SDKROOT = macosx;
				SKIP_INSTALL = YES;
				SWIFT_EMIT_LOC_STRINGS = YES;
				SWIFT_VERSION = 5.0;
			};
			name = Release;
		};
/* End XCBuildConfiguration section */

/* Begin XCConfigurationList section */
		896618442CDB583600D43099 /* Build configuration list for PBXProject "TimeLogger" */ = {
			isa = XCConfigurationList;
			buildConfigurations = (
				8966186C2CDB583800D43099 /* Debug */,
				8966186D2CDB583800D43099 /* Release */,
			);
			defaultConfigurationIsVisible = 0;
			defaultConfigurationName = Release;
		};
		8966186E2CDB583800D43099 /* Build configuration list for PBXNativeTarget "TimeLogger" */ = {
			isa = XCConfigurationList;
			buildConfigurations = (
				8966186F2CDB583800D43099 /* Debug */,
				896618702CDB583800D43099 /* Release */,
			);
			defaultConfigurationIsVisible = 0;
			defaultConfigurationName = Release;
		};
		896618ED2CDB60CC00D43099 /* Build configuration list for PBXNativeTarget "iOS Widgets" */ = {
			isa = XCConfigurationList;
			buildConfigurations = (
				896618EE2CDB60CC00D43099 /* Debug */,
				896618EF2CDB60CC00D43099 /* Release */,
			);
			defaultConfigurationIsVisible = 0;
			defaultConfigurationName = Release;
		};
		896619042CDB610000D43099 /* Build configuration list for PBXNativeTarget "macOS Widgets" */ = {
			isa = XCConfigurationList;
			buildConfigurations = (
				896619052CDB610000D43099 /* Debug */,
				896619062CDB610000D43099 /* Release */,
			);
			defaultConfigurationIsVisible = 0;
			defaultConfigurationName = Release;
		};
/* End XCConfigurationList section */
	};
	rootObject = 896618412CDB583600D43099 /* Project object */;
}
